
Microsoft Visual Studio Solution File, Format Version 12.00
# Visual Studio 15
Project("{FAE04EC0-301F-11D3-BF4B-00C04F79EFBC}") = "Visual-Novel-2018", "Assembly-CSharp.csproj", "{598BB2D6-C3F8-16E8-8CDF-4C570E480161}"
EndProject
Project("{FAE04EC0-301F-11D3-BF4B-00C04F79EFBC}") = "Visual-Novel-2018", "Assembly-CSharp-Editor.csproj", "{734CCC35-123A-D0D4-0979-720D628B7D9F}"
EndProject
Global
	GlobalSection(SolutionConfigurationPlatforms) = preSolution
		Debug|Any CPU = Debug|Any CPU
		Release|Any CPU = Release|Any CPU
	EndGlobalSection
	GlobalSection(ProjectConfigurationPlatforms) = postSolution
		{598BB2D6-C3F8-16E8-8CDF-4C570E480161}.Debug|Any CPU.ActiveCfg = Debug|Any CPU
		{598BB2D6-C3F8-16E8-8CDF-4C570E480161}.Debug|Any CPU.Build.0 = Debug|Any CPU
		{598BB2D6-C3F8-16E8-8CDF-4C570E480161}.Release|Any CPU.ActiveCfg = Release|Any CPU
		{598BB2D6-C3F8-16E8-8CDF-4C570E480161}.Release|Any CPU.Build.0 = Release|Any CPU
		{734CCC35-123A-D0D4-0979-720D628B7D9F}.Debug|Any CPU.ActiveCfg = Debug|Any CPU
		{734CCC35-123A-D0D4-0979-720D628B7D9F}.Debug|Any CPU.Build.0 = Debug|Any CPU
		{734CCC35-123A-D0D4-0979-720D628B7D9F}.Release|Any CPU.ActiveCfg = Release|Any CPU
		{734CCC35-123A-D0D4-0979-720D628B7D9F}.Release|Any CPU.Build.0 = Release|Any CPU
	EndGlobalSection
	GlobalSection(SolutionProperties) = preSolution
		HideSolutionNode = FALSE
	EndGlobalSection
EndGlobal
